
Microsoft Visual Studio Solution File, Format Version 12.00
# Visual Studio Version 17
VisualStudioVersion = 17.10.34916.146
MinimumVisualStudioVersion = 10.0.40219.1
Project("{FAE04EC0-301F-11D3-BF4B-00C04F79EFBC}") = "Projektinis_darbas_5", "Projektinis_darbas_5.csproj", "{7DF7A5CA-C692-4ABC-93DD-EEB42AF3FCC4}"
EndProject
Global
	GlobalSection(SolutionConfigurationPlatforms) = preSolution
		Debug|Any CPU = Debug|Any CPU
		Release|Any CPU = Release|Any CPU
	EndGlobalSection
	GlobalSection(ProjectConfigurationPlatforms) = postSolution
		{7DF7A5CA-C692-4ABC-93DD-EEB42AF3FCC4}.Debug|Any CPU.ActiveCfg = Debug|Any CPU
		{7DF7A5CA-C692-4ABC-93DD-EEB42AF3FCC4}.Debug|Any CPU.Build.0 = Debug|Any CPU
		{7DF7A5CA-C692-4ABC-93DD-EEB42AF3FCC4}.Release|Any CPU.ActiveCfg = Release|Any CPU
		{7DF7A5CA-C692-4ABC-93DD-EEB42AF3FCC4}.Release|Any CPU.Build.0 = Release|Any CPU
	EndGlobalSection
	GlobalSection(SolutionProperties) = preSolution
		HideSolutionNode = FALSE
	EndGlobalSection
	GlobalSection(ExtensibilityGlobals) = postSolution
		SolutionGuid = {D69C411B-F9D7-4635-A66A-CDA5E8E8EEE3}
	EndGlobalSection
EndGlobal
